
Microsoft Visual Studio Solution File, Format Version 12.00
# Visual Studio Version 16
VisualStudioVersion = 25.0.1706.14
MinimumVisualStudioVersion = 10.0.40219.1
Project("{FAE04EC0-301F-11D3-BF4B-00C04F79EFBC}") = "L14+_+CDAC+1250826", "L14+_+CDAC+1250826\L14+_+CDAC+1250826.csproj", "{3C8378B6-D780-4FD2-B8F5-EF2A6054E5CC}"
EndProject
Global
	GlobalSection(SolutionConfigurationPlatforms) = preSolution
		Debug|Any CPU = Debug|Any CPU
		Release|Any CPU = Release|Any CPU
	EndGlobalSection
	GlobalSection(ProjectConfigurationPlatforms) = postSolution
		{3C8378B6-D780-4FD2-B8F5-EF2A6054E5CC}.Debug|Any CPU.ActiveCfg = Debug|Any CPU
		{3C8378B6-D780-4FD2-B8F5-EF2A6054E5CC}.Debug|Any CPU.Build.0 = Debug|Any CPU
		{3C8378B6-D780-4FD2-B8F5-EF2A6054E5CC}.Release|Any CPU.ActiveCfg = Release|Any CPU
		{3C8378B6-D780-4FD2-B8F5-EF2A6054E5CC}.Release|Any CPU.Build.0 = Release|Any CPU
	EndGlobalSection
	GlobalSection(SolutionProperties) = preSolution
		HideSolutionNode = FALSE
	EndGlobalSection
	GlobalSection(ExtensibilityGlobals) = postSolution
		SolutionGuid = {12EDA26D-B552-4465-A12F-B4DE199E03F0}
	EndGlobalSection
EndGlobal
